
Microsoft Visual Studio Solution File, Format Version 12.00
# Visual Studio Version 17
VisualStudioVersion = 17.8.34525.116
MinimumVisualStudioVersion = 10.0.40219.1
Project("{8BC9CEB8-8B4A-11D0-8D11-00A0C91BC942}") = "S24_Qizong_Liang", "S24_Qizong_Liang\S24_Qizong_Liang.vcxproj", "{103F0A73-7851-4BB3-B431-3C303EE199AC}"
EndProject
Project("{8BC9CEB8-8B4A-11D0-8D11-00A0C91BC942}") = "Notreal", "Notreal\Notreal.vcxproj", "{FFA8ADAE-25D2-4E62-BEB1-2E5361C0FBE8}"
EndProject
Global
	GlobalSection(SolutionConfigurationPlatforms) = preSolution
		Debug|x64 = Debug|x64
		Release|x64 = Release|x64
	EndGlobalSection
	GlobalSection(ProjectConfigurationPlatforms) = postSolution
		{103F0A73-7851-4BB3-B431-3C303EE199AC}.Debug|x64.ActiveCfg = Debug|x64
		{103F0A73-7851-4BB3-B431-3C303EE199AC}.Debug|x64.Build.0 = Debug|x64
		{103F0A73-7851-4BB3-B431-3C303EE199AC}.Release|x64.ActiveCfg = Release|x64
		{103F0A73-7851-4BB3-B431-3C303EE199AC}.Release|x64.Build.0 = Release|x64
		{FFA8ADAE-25D2-4E62-BEB1-2E5361C0FBE8}.Debug|x64.ActiveCfg = Debug|x64
		{FFA8ADAE-25D2-4E62-BEB1-2E5361C0FBE8}.Debug|x64.Build.0 = Debug|x64
		{FFA8ADAE-25D2-4E62-BEB1-2E5361C0FBE8}.Release|x64.ActiveCfg = Release|x64
		{FFA8ADAE-25D2-4E62-BEB1-2E5361C0FBE8}.Release|x64.Build.0 = Release|x64
	EndGlobalSection
	GlobalSection(SolutionProperties) = preSolution
		HideSolutionNode = FALSE
	EndGlobalSection
	GlobalSection(ExtensibilityGlobals) = postSolution
		SolutionGuid = {E7B158FF-2379-4ECE-BDE5-FE03C534F230}
	EndGlobalSection
EndGlobal
