
Microsoft Visual Studio Solution File, Format Version 12.00
# Visual Studio Version 17
Project("{2150E333-8FDC-42A3-9474-1A3956D46DE8}") = "CMakePredefinedTargets", "CMakePredefinedTargets", "{20B650BC-E725-34FA-A1A8-BE68F94D17D1}"
EndProject
Project("{2150E333-8FDC-42A3-9474-1A3956D46DE8}") = "GLFW3", "GLFW3", "{14B5C903-972E-3B29-9009-DD5E7A6F641A}"
EndProject
Project("{8BC9CEB8-8B4A-11D0-8D11-00A0C91BC942}") = "ALL_BUILD", "ALL_BUILD.vcxproj", "{F22B340F-0CA4-3478-B02F-49C6E2122410}"
	ProjectSection(ProjectDependencies) = postProject
		{FE3A4215-546F-3D49-A89F-CF4881142625} = {FE3A4215-546F-3D49-A89F-CF4881142625}
		{4B483287-5D12-3F5E-9718-3BCCB8397B3F} = {4B483287-5D12-3F5E-9718-3BCCB8397B3F}
	EndProjectSection
EndProject
Project("{8BC9CEB8-8B4A-11D0-8D11-00A0C91BC942}") = "ZERO_CHECK", "ZERO_CHECK.vcxproj", "{FE3A4215-546F-3D49-A89F-CF4881142625}"
	ProjectSection(ProjectDependencies) = postProject
	EndProjectSection
EndProject
Project("{8BC9CEB8-8B4A-11D0-8D11-00A0C91BC942}") = "glfw", "src\glfw.vcxproj", "{4B483287-5D12-3F5E-9718-3BCCB8397B3F}"
	ProjectSection(ProjectDependencies) = postProject
		{FE3A4215-546F-3D49-A89F-CF4881142625} = {FE3A4215-546F-3D49-A89F-CF4881142625}
	EndProjectSection
EndProject
Project("{8BC9CEB8-8B4A-11D0-8D11-00A0C91BC942}") = "update_mappings", "src\update_mappings.vcxproj", "{98D05D54-577A-3276-B9D8-BB0C49E3D128}"
	ProjectSection(ProjectDependencies) = postProject
		{FE3A4215-546F-3D49-A89F-CF4881142625} = {FE3A4215-546F-3D49-A89F-CF4881142625}
	EndProjectSection
EndProject
Global
	GlobalSection(SolutionConfigurationPlatforms) = preSolution
		Debug|x64 = Debug|x64
		Release|x64 = Release|x64
		MinSizeRel|x64 = MinSizeRel|x64
		RelWithDebInfo|x64 = RelWithDebInfo|x64
	EndGlobalSection
	GlobalSection(ProjectConfigurationPlatforms) = postSolution
		{F22B340F-0CA4-3478-B02F-49C6E2122410}.Debug|x64.ActiveCfg = Debug|x64
		{F22B340F-0CA4-3478-B02F-49C6E2122410}.Release|x64.ActiveCfg = Release|x64
		{F22B340F-0CA4-3478-B02F-49C6E2122410}.MinSizeRel|x64.ActiveCfg = MinSizeRel|x64
		{F22B340F-0CA4-3478-B02F-49C6E2122410}.RelWithDebInfo|x64.ActiveCfg = RelWithDebInfo|x64
		{FE3A4215-546F-3D49-A89F-CF4881142625}.Debug|x64.ActiveCfg = Debug|x64
		{FE3A4215-546F-3D49-A89F-CF4881142625}.Debug|x64.Build.0 = Debug|x64
		{FE3A4215-546F-3D49-A89F-CF4881142625}.Release|x64.ActiveCfg = Release|x64
		{FE3A4215-546F-3D49-A89F-CF4881142625}.Release|x64.Build.0 = Release|x64
		{FE3A4215-546F-3D49-A89F-CF4881142625}.MinSizeRel|x64.ActiveCfg = MinSizeRel|x64
		{FE3A4215-546F-3D49-A89F-CF4881142625}.MinSizeRel|x64.Build.0 = MinSizeRel|x64
		{FE3A4215-546F-3D49-A89F-CF4881142625}.RelWithDebInfo|x64.ActiveCfg = RelWithDebInfo|x64
		{FE3A4215-546F-3D49-A89F-CF4881142625}.RelWithDebInfo|x64.Build.0 = RelWithDebInfo|x64
		{4B483287-5D12-3F5E-9718-3BCCB8397B3F}.Debug|x64.ActiveCfg = Debug|x64
		{4B483287-5D12-3F5E-9718-3BCCB8397B3F}.Debug|x64.Build.0 = Debug|x64
		{4B483287-5D12-3F5E-9718-3BCCB8397B3F}.Release|x64.ActiveCfg = Release|x64
		{4B483287-5D12-3F5E-9718-3BCCB8397B3F}.Release|x64.Build.0 = Release|x64
		{4B483287-5D12-3F5E-9718-3BCCB8397B3F}.MinSizeRel|x64.ActiveCfg = MinSizeRel|x64
		{4B483287-5D12-3F5E-9718-3BCCB8397B3F}.MinSizeRel|x64.Build.0 = MinSizeRel|x64
		{4B483287-5D12-3F5E-9718-3BCCB8397B3F}.RelWithDebInfo|x64.ActiveCfg = RelWithDebInfo|x64
		{4B483287-5D12-3F5E-9718-3BCCB8397B3F}.RelWithDebInfo|x64.Build.0 = RelWithDebInfo|x64
		{98D05D54-577A-3276-B9D8-BB0C49E3D128}.Debug|x64.ActiveCfg = Debug|x64
		{98D05D54-577A-3276-B9D8-BB0C49E3D128}.Release|x64.ActiveCfg = Release|x64
		{98D05D54-577A-3276-B9D8-BB0C49E3D128}.MinSizeRel|x64.ActiveCfg = MinSizeRel|x64
		{98D05D54-577A-3276-B9D8-BB0C49E3D128}.RelWithDebInfo|x64.ActiveCfg = RelWithDebInfo|x64
	EndGlobalSection
	GlobalSection(NestedProjects) = preSolution
		{F22B340F-0CA4-3478-B02F-49C6E2122410} = {20B650BC-E725-34FA-A1A8-BE68F94D17D1}
		{FE3A4215-546F-3D49-A89F-CF4881142625} = {20B650BC-E725-34FA-A1A8-BE68F94D17D1}
		{4B483287-5D12-3F5E-9718-3BCCB8397B3F} = {14B5C903-972E-3B29-9009-DD5E7A6F641A}
		{98D05D54-577A-3276-B9D8-BB0C49E3D128} = {14B5C903-972E-3B29-9009-DD5E7A6F641A}
	EndGlobalSection
	GlobalSection(ExtensibilityGlobals) = postSolution
		SolutionGuid = {8C994A16-B906-354A-A6EB-B3A37DD5E959}
	EndGlobalSection
	GlobalSection(ExtensibilityAddIns) = postSolution
	EndGlobalSection
EndGlobal
