<?xml version="1.0" encoding="utf-8"?>
<Project ToolsVersion="17.0" xmlns="http://schemas.microsoft.com/developer/msbuild/2003">
  <ItemGroup>
    <CustomBuild Include="C:\Users\qizon\source\repos\S24_Qizong_Liang\glfw_build\CMakeFiles\9587c5ad7005f855ea3a36bd7f6d12dc\generate.stamp.rule">
      <Filter>CMake Rules</Filter>
    </CustomBuild>
  </ItemGroup>
  <ItemGroup>
    <Filter Include="CMake Rules">
      <UniqueIdentifier>{3D5BC22F-CC5C-3A5C-8EC3-469A803FF684}</UniqueIdentifier>
    </Filter>
  </ItemGroup>
</Project>
