<?xml version="1.0" encoding="utf-8"?>
<Project ToolsVersion="17.0" xmlns="http://schemas.microsoft.com/developer/msbuild/2003">
  <ItemGroup>
    <CustomBuild Include="C:\Users\qizon\source\repos\S24_Qizong_Liang\glfw_build\CMakeFiles\226368ac7182931f87fc3fa165705870\update_mappings.rule">
      <Filter>CMake Rules</Filter>
    </CustomBuild>
    <CustomBuild Include="C:\Users\qizon\source\repos\S24_Qizong_Liang\glfw\src\CMakeLists.txt" />
  </ItemGroup>
  <ItemGroup>
    <None Include="C:\Users\qizon\source\repos\S24_Qizong_Liang\glfw\src\mappings.h.in">
      <Filter>Header Files</Filter>
    </None>
    <None Include="C:\Users\qizon\source\repos\S24_Qizong_Liang\glfw\CMake\GenerateMappings.cmake" />
    <None Include="C:\Users\qizon\source\repos\S24_Qizong_Liang\glfw_build\src\CMakeFiles\update_mappings" />
  </ItemGroup>
  <ItemGroup>
    <Filter Include="CMake Rules">
      <UniqueIdentifier>{3D5BC22F-CC5C-3A5C-8EC3-469A803FF684}</UniqueIdentifier>
    </Filter>
    <Filter Include="Header Files">
      <UniqueIdentifier>{1DDE70B3-1A14-3827-B2A1-882E17B7C58B}</UniqueIdentifier>
    </Filter>
  </ItemGroup>
</Project>
